
Microsoft Visual Studio Solution File, Format Version 12.00
# Visual Studio Version 17
VisualStudioVersion = 17.5.33627.172
MinimumVisualStudioVersion = 10.0.40219.1
Project("{FAE04EC0-301F-11D3-BF4B-00C04F79EFBC}") = "Aplicación Marcador de Baloncesto", "Aplicación Marcador de Baloncesto\Aplicación Marcador de Baloncesto.csproj", "{DAA379E5-7561-4C0A-AFEF-860E512986E4}"
EndProject
Global
	GlobalSection(SolutionConfigurationPlatforms) = preSolution
		Debug|Any CPU = Debug|Any CPU
		Release|Any CPU = Release|Any CPU
	EndGlobalSection
	GlobalSection(ProjectConfigurationPlatforms) = postSolution
		{DAA379E5-7561-4C0A-AFEF-860E512986E4}.Debug|Any CPU.ActiveCfg = Debug|Any CPU
		{DAA379E5-7561-4C0A-AFEF-860E512986E4}.Debug|Any CPU.Build.0 = Debug|Any CPU
		{DAA379E5-7561-4C0A-AFEF-860E512986E4}.Release|Any CPU.ActiveCfg = Release|Any CPU
		{DAA379E5-7561-4C0A-AFEF-860E512986E4}.Release|Any CPU.Build.0 = Release|Any CPU
	EndGlobalSection
	GlobalSection(SolutionProperties) = preSolution
		HideSolutionNode = FALSE
	EndGlobalSection
	GlobalSection(ExtensibilityGlobals) = postSolution
		SolutionGuid = {49E793BF-52FF-43D9-927E-2F91F69DFB99}
	EndGlobalSection
EndGlobal
